// !$*UTF8*$!
{
	archiveVersion = 1;
	classes = {
	};
	objectVersion = 50;
	objects = {

/* Begin PBXBuildFile section */
		18AA7C6324D341880094BFF8 /* EnvironmentalViewController.swift in Sources */ = {isa = PBXBuildFile; fileRef = 18AA7C6224D341880094BFF8 /* EnvironmentalViewController.swift */; };
		18AA7C6524D342760094BFF8 /* PrisonLaborViewController.swift in Sources */ = {isa = PBXBuildFile; fileRef = 18AA7C6424D342760094BFF8 /* PrisonLaborViewController.swift */; };
		18AA7C6724D342FD0094BFF8 /* EconomicViewController.swift in Sources */ = {isa = PBXBuildFile; fileRef = 18AA7C6624D342FD0094BFF8 /* EconomicViewController.swift */; };
		18AA7C6924D343580094BFF8 /* AroundWorldViewController.swift in Sources */ = {isa = PBXBuildFile; fileRef = 18AA7C6824D343580094BFF8 /* AroundWorldViewController.swift */; };
		18AA7C6B24D343920094BFF8 /* StoriesViewController.swift in Sources */ = {isa = PBXBuildFile; fileRef = 18AA7C6A24D343920094BFF8 /* StoriesViewController.swift */; };
		18AA7C6D24D343BC0094BFF8 /* ResourcesViewController.swift in Sources */ = {isa = PBXBuildFile; fileRef = 18AA7C6C24D343BC0094BFF8 /* ResourcesViewController.swift */; };
		18B8120724D0A0FA004306CB /* RoundButton.swift in Sources */ = {isa = PBXBuildFile; fileRef = 18B8120624D0A0FA004306CB /* RoundButton.swift */; };
		F50060FF24CF42950005A019 /* AppDelegate.swift in Sources */ = {isa = PBXBuildFile; fileRef = F50060FE24CF42950005A019 /* AppDelegate.swift */; };
		F500610124CF42950005A019 /* SceneDelegate.swift in Sources */ = {isa = PBXBuildFile; fileRef = F500610024CF42950005A019 /* SceneDelegate.swift */; };
		F500610324CF42950005A019 /* ViewController.swift in Sources */ = {isa = PBXBuildFile; fileRef = F500610224CF42950005A019 /* ViewController.swift */; };
		F500610624CF42950005A019 /* Main.storyboard in Resources */ = {isa = PBXBuildFile; fileRef = F500610424CF42950005A019 /* Main.storyboard */; };
		F500610924CF42950005A019 /* Disentangled.xcdatamodeld in Sources */ = {isa = PBXBuildFile; fileRef = F500610724CF42950005A019 /* Disentangled.xcdatamodeld */; };
		F500610B24CF429A0005A019 /* Assets.xcassets in Resources */ = {isa = PBXBuildFile; fileRef = F500610A24CF429A0005A019 /* Assets.xcassets */; };
		F500610E24CF429A0005A019 /* LaunchScreen.storyboard in Resources */ = {isa = PBXBuildFile; fileRef = F500610C24CF429A0005A019 /* LaunchScreen.storyboard */; };
		F50DCAE124D39B18008F60DD /* NSAttributedStringExtension.swift in Sources */ = {isa = PBXBuildFile; fileRef = F50DCAE024D39B18008F60DD /* NSAttributedStringExtension.swift */; };
/* End PBXBuildFile section */

/* Begin PBXFileReference section */
		18AA7C6224D341880094BFF8 /* EnvironmentalViewController.swift */ = {isa = PBXFileReference; lastKnownFileType = sourcecode.swift; path = EnvironmentalViewController.swift; sourceTree = "<group>"; };
		18AA7C6424D342760094BFF8 /* PrisonLaborViewController.swift */ = {isa = PBXFileReference; lastKnownFileType = sourcecode.swift; path = PrisonLaborViewController.swift; sourceTree = "<group>"; };
		18AA7C6624D342FD0094BFF8 /* EconomicViewController.swift */ = {isa = PBXFileReference; lastKnownFileType = sourcecode.swift; path = EconomicViewController.swift; sourceTree = "<group>"; };
		18AA7C6824D343580094BFF8 /* AroundWorldViewController.swift */ = {isa = PBXFileReference; lastKnownFileType = sourcecode.swift; path = AroundWorldViewController.swift; sourceTree = "<group>"; };
		18AA7C6A24D343920094BFF8 /* StoriesViewController.swift */ = {isa = PBXFileReference; lastKnownFileType = sourcecode.swift; path = StoriesViewController.swift; sourceTree = "<group>"; };
		18AA7C6C24D343BC0094BFF8 /* ResourcesViewController.swift */ = {isa = PBXFileReference; lastKnownFileType = sourcecode.swift; path = ResourcesViewController.swift; sourceTree = "<group>"; };
		18B8120624D0A0FA004306CB /* RoundButton.swift */ = {isa = PBXFileReference; lastKnownFileType = sourcecode.swift; path = RoundButton.swift; sourceTree = "<group>"; };
		F50060FB24CF42950005A019 /* Disentangled.app */ = {isa = PBXFileReference; explicitFileType = wrapper.application; includeInIndex = 0; path = Disentangled.app; sourceTree = BUILT_PRODUCTS_DIR; };
		F50060FE24CF42950005A019 /* AppDelegate.swift */ = {isa = PBXFileReference; lastKnownFileType = sourcecode.swift; path = AppDelegate.swift; sourceTree = "<group>"; };
		F500610024CF42950005A019 /* SceneDelegate.swift */ = {isa = PBXFileReference; lastKnownFileType = sourcecode.swift; path = SceneDelegate.swift; sourceTree = "<group>"; };
		F500610224CF42950005A019 /* ViewController.swift */ = {isa = PBXFileReference; lastKnownFileType = sourcecode.swift; path = ViewController.swift; sourceTree = "<group>"; };
		F500610524CF42950005A019 /* Base */ = {isa = PBXFileReference; lastKnownFileType = file.storyboard; name = Base; path = Base.lproj/Main.storyboard; sourceTree = "<group>"; };
		F500610824CF42950005A019 /* Disentangled.xcdatamodel */ = {isa = PBXFileReference; lastKnownFileType = wrapper.xcdatamodel; path = Disentangled.xcdatamodel; sourceTree = "<group>"; };
		F500610A24CF429A0005A019 /* Assets.xcassets */ = {isa = PBXFileReference; lastKnownFileType = folder.assetcatalog; path = Assets.xcassets; sourceTree = "<group>"; };
		F500610D24CF429A0005A019 /* Base */ = {isa = PBXFileReference; lastKnownFileType = file.storyboard; name = Base; path = Base.lproj/LaunchScreen.storyboard; sourceTree = "<group>"; };
		F500610F24CF429A0005A019 /* Info.plist */ = {isa = PBXFileReference; lastKnownFileType = text.plist.xml; path = Info.plist; sourceTree = "<group>"; };
		F50DCAE024D39B18008F60DD /* NSAttributedStringExtension.swift */ = {isa = PBXFileReference; lastKnownFileType = sourcecode.swift; path = NSAttributedStringExtension.swift; sourceTree = "<group>"; };
/* End PBXFileReference section */

/* Begin PBXFrameworksBuildPhase section */
		F50060F824CF42950005A019 /* Frameworks */ = {
			isa = PBXFrameworksBuildPhase;
			buildActionMask = 2147483647;
			files = (
			);
			runOnlyForDeploymentPostprocessing = 0;
		};
/* End PBXFrameworksBuildPhase section */

/* Begin PBXGroup section */
		F50060F224CF42950005A019 = {
			isa = PBXGroup;
			children = (
				F50060FD24CF42950005A019 /* Disentangled */,
				F50060FC24CF42950005A019 /* Products */,
			);
			sourceTree = "<group>";
		};
		F50060FC24CF42950005A019 /* Products */ = {
			isa = PBXGroup;
			children = (
				F50060FB24CF42950005A019 /* Disentangled.app */,
			);
			name = Products;
			sourceTree = "<group>";
		};
		F50060FD24CF42950005A019 /* Disentangled */ = {
			isa = PBXGroup;
			children = (
				F50060FE24CF42950005A019 /* AppDelegate.swift */,
				F500610024CF42950005A019 /* SceneDelegate.swift */,
				F500610224CF42950005A019 /* ViewController.swift */,
				F500610424CF42950005A019 /* Main.storyboard */,
				F50DCAE024D39B18008F60DD /* NSAttributedStringExtension.swift */,
				18AA7C6224D341880094BFF8 /* EnvironmentalViewController.swift */,
				18AA7C6424D342760094BFF8 /* PrisonLaborViewController.swift */,
				18AA7C6624D342FD0094BFF8 /* EconomicViewController.swift */,
				18AA7C6824D343580094BFF8 /* AroundWorldViewController.swift */,
				18AA7C6A24D343920094BFF8 /* StoriesViewController.swift */,
				18AA7C6C24D343BC0094BFF8 /* ResourcesViewController.swift */,
				18B8120624D0A0FA004306CB /* RoundButton.swift */,
				F500610A24CF429A0005A019 /* Assets.xcassets */,
				F500610C24CF429A0005A019 /* LaunchScreen.storyboard */,
				F500610F24CF429A0005A019 /* Info.plist */,
				F500610724CF42950005A019 /* Disentangled.xcdatamodeld */,
			);
			path = Disentangled;
			sourceTree = "<group>";
		};
/* End PBXGroup section */

/* Begin PBXNativeTarget section */
		F50060FA24CF42950005A019 /* Disentangled */ = {
			isa = PBXNativeTarget;
			buildConfigurationList = F500611224CF429A0005A019 /* Build configuration list for PBXNativeTarget "Disentangled" */;
			buildPhases = (
				F50060F724CF42950005A019 /* Sources */,
				F50060F824CF42950005A019 /* Frameworks */,
				F50060F924CF42950005A019 /* Resources */,
			);
			buildRules = (
			);
			dependencies = (
			);
			name = Disentangled;
			productName = Disentangled;
			productReference = F50060FB24CF42950005A019 /* Disentangled.app */;
			productType = "com.apple.product-type.application";
		};
/* End PBXNativeTarget section */

/* Begin PBXProject section */
		F50060F324CF42950005A019 /* Project object */ = {
			isa = PBXProject;
			attributes = {
				LastSwiftUpdateCheck = 1150;
				LastUpgradeCheck = 1150;
				ORGANIZATIONNAME = "Shalini Basu";
				TargetAttributes = {
					F50060FA24CF42950005A019 = {
						CreatedOnToolsVersion = 11.5;
					};
				};
			};
			buildConfigurationList = F50060F624CF42950005A019 /* Build configuration list for PBXProject "Disentangled" */;
			compatibilityVersion = "Xcode 9.3";
			developmentRegion = en;
			hasScannedForEncodings = 0;
			knownRegions = (
				en,
				Base,
			);
			mainGroup = F50060F224CF42950005A019;
			productRefGroup = F50060FC24CF42950005A019 /* Products */;
			projectDirPath = "";
			projectRoot = "";
			targets = (
				F50060FA24CF42950005A019 /* Disentangled */,
			);
		};
/* End PBXProject section */

/* Begin PBXResourcesBuildPhase section */
		F50060F924CF42950005A019 /* Resources */ = {
			isa = PBXResourcesBuildPhase;
			buildActionMask = 2147483647;
			files = (
				F500610E24CF429A0005A019 /* LaunchScreen.storyboard in Resources */,
				F500610B24CF429A0005A019 /* Assets.xcassets in Resources */,
				F500610624CF42950005A019 /* Main.storyboard in Resources */,
			);
			runOnlyForDeploymentPostprocessing = 0;
		};
/* End PBXResourcesBuildPhase section */

/* Begin PBXSourcesBuildPhase section */
		F50060F724CF42950005A019 /* Sources */ = {
			isa = PBXSourcesBuildPhase;
			buildActionMask = 2147483647;
			files = (
				18AA7C6D24D343BC0094BFF8 /* ResourcesViewController.swift in Sources */,
				18AA7C6B24D343920094BFF8 /* StoriesViewController.swift in Sources */,
				F500610324CF42950005A019 /* ViewController.swift in Sources */,
				F50DCAE124D39B18008F60DD /* NSAttributedStringExtension.swift in Sources */,
				18B8120724D0A0FA004306CB /* RoundButton.swift in Sources */,
				F50060FF24CF42950005A019 /* AppDelegate.swift in Sources */,
				18AA7C6724D342FD0094BFF8 /* EconomicViewController.swift in Sources */,
				18AA7C6324D341880094BFF8 /* EnvironmentalViewController.swift in Sources */,
				F500610124CF42950005A019 /* SceneDelegate.swift in Sources */,
				18AA7C6924D343580094BFF8 /* AroundWorldViewController.swift in Sources */,
				F500610924CF42950005A019 /* Disentangled.xcdatamodeld in Sources */,
				18AA7C6524D342760094BFF8 /* PrisonLaborViewController.swift in Sources */,
			);
			runOnlyForDeploymentPostprocessing = 0;
		};
/* End PBXSourcesBuildPhase section */

/* Begin PBXVariantGroup section */
		F500610424CF42950005A019 /* Main.storyboard */ = {
			isa = PBXVariantGroup;
			children = (
				F500610524CF42950005A019 /* Base */,
			);
			name = Main.storyboard;
			sourceTree = "<group>";
		};
		F500610C24CF429A0005A019 /* LaunchScreen.storyboard */ = {
			isa = PBXVariantGroup;
			children = (
				F500610D24CF429A0005A019 /* Base */,
			);
			name = LaunchScreen.storyboard;
			sourceTree = "<group>";
		};
/* End PBXVariantGroup section */

/* Begin XCBuildConfiguration section */
		F500611024CF429A0005A019 /* Debug */ = {
			isa = XCBuildConfiguration;
			buildSettings = {
				ALWAYS_SEARCH_USER_PATHS = NO;
				CLANG_ANALYZER_NONNULL = YES;
				CLANG_ANALYZER_NUMBER_OBJECT_CONVERSION = YES_AGGRESSIVE;
				CLANG_CXX_LANGUAGE_STANDARD = "gnu++14";
				CLANG_CXX_LIBRARY = "libc++";
				CLANG_ENABLE_MODULES = YES;
				CLANG_ENABLE_OBJC_ARC = YES;
				CLANG_ENABLE_OBJC_WEAK = YES;
				CLANG_WARN_BLOCK_CAPTURE_AUTORELEASING = YES;
				CLANG_WARN_BOOL_CONVERSION = YES;
				CLANG_WARN_COMMA = YES;
				CLANG_WARN_CONSTANT_CONVERSION = YES;
				CLANG_WARN_DEPRECATED_OBJC_IMPLEMENTATIONS = YES;
				CLANG_WARN_DIRECT_OBJC_ISA_USAGE = YES_ERROR;
				CLANG_WARN_DOCUMENTATION_COMMENTS = YES;
				CLANG_WARN_EMPTY_BODY = YES;
				CLANG_WARN_ENUM_CONVERSION = YES;
				CLANG_WARN_INFINITE_RECURSION = YES;
				CLANG_WARN_INT_CONVERSION = YES;
				CLANG_WARN_NON_LITERAL_NULL_CONVERSION = YES;
				CLANG_WARN_OBJC_IMPLICIT_RETAIN_SELF = YES;
				CLANG_WARN_OBJC_LITERAL_CONVERSION = YES;
				CLANG_WARN_OBJC_ROOT_CLASS = YES_ERROR;
				CLANG_WARN_RANGE_LOOP_ANALYSIS = YES;
				CLANG_WARN_STRICT_PROTOTYPES = YES;
				CLANG_WARN_SUSPICIOUS_MOVE = YES;
				CLANG_WARN_UNGUARDED_AVAILABILITY = YES_AGGRESSIVE;
				CLANG_WARN_UNREACHABLE_CODE = YES;
				CLANG_WARN__DUPLICATE_METHOD_MATCH = YES;
				COPY_PHASE_STRIP = NO;
				DEBUG_INFORMATION_FORMAT = dwarf;
				ENABLE_STRICT_OBJC_MSGSEND = YES;
				ENABLE_TESTABILITY = YES;
				GCC_C_LANGUAGE_STANDARD = gnu11;
				GCC_DYNAMIC_NO_PIC = NO;
				GCC_NO_COMMON_BLOCKS = YES;
				GCC_OPTIMIZATION_LEVEL = 0;
				GCC_PREPROCESSOR_DEFINITIONS = (
					"DEBUG=1",
					"$(inherited)",
				);
				GCC_WARN_64_TO_32_BIT_CONVERSION = YES;
				GCC_WARN_ABOUT_RETURN_TYPE = YES_ERROR;
				GCC_WARN_UNDECLARED_SELECTOR = YES;
				GCC_WARN_UNINITIALIZED_AUTOS = YES_AGGRESSIVE;
				GCC_WARN_UNUSED_FUNCTION = YES;
				GCC_WARN_UNUSED_VARIABLE = YES;
				IPHONEOS_DEPLOYMENT_TARGET = 13.5;
				MTL_ENABLE_DEBUG_INFO = INCLUDE_SOURCE;
				MTL_FAST_MATH = YES;
				ONLY_ACTIVE_ARCH = YES;
				SDKROOT = iphoneos;
				SWIFT_ACTIVE_COMPILATION_CONDITIONS = DEBUG;
				SWIFT_OPTIMIZATION_LEVEL = "-Onone";
			};
			name = Debug;
		};
		F500611124CF429A0005A019 /* Release */ = {
			isa = XCBuildConfiguration;
			buildSettings = {
				ALWAYS_SEARCH_USER_PATHS = NO;
				CLANG_ANALYZER_NONNULL = YES;
				CLANG_ANALYZER_NUMBER_OBJECT_CONVERSION = YES_AGGRESSIVE;
				CLANG_CXX_LANGUAGE_STANDARD = "gnu++14";
				CLANG_CXX_LIBRARY = "libc++";
				CLANG_ENABLE_MODULES = YES;
				CLANG_ENABLE_OBJC_ARC = YES;
				CLANG_ENABLE_OBJC_WEAK = YES;
				CLANG_WARN_BLOCK_CAPTURE_AUTORELEASING = YES;
				CLANG_WARN_BOOL_CONVERSION = YES;
				CLANG_WARN_COMMA = YES;
				CLANG_WARN_CONSTANT_CONVERSION = YES;
				CLANG_WARN_DEPRECATED_OBJC_IMPLEMENTATIONS = YES;
				CLANG_WARN_DIRECT_OBJC_ISA_USAGE = YES_ERROR;
				CLANG_WARN_DOCUMENTATION_COMMENTS = YES;
				CLANG_WARN_EMPTY_BODY = YES;
				CLANG_WARN_ENUM_CONVERSION = YES;
				CLANG_WARN_INFINITE_RECURSION = YES;
				CLANG_WARN_INT_CONVERSION = YES;
				CLANG_WARN_NON_LITERAL_NULL_CONVERSION = YES;
				CLANG_WARN_OBJC_IMPLICIT_RETAIN_SELF = YES;
				CLANG_WARN_OBJC_LITERAL_CONVERSION = YES;
				CLANG_WARN_OBJC_ROOT_CLASS = YES_ERROR;
				CLANG_WARN_RANGE_LOOP_ANALYSIS = YES;
				CLANG_WARN_STRICT_PROTOTYPES = YES;
				CLANG_WARN_SUSPICIOUS_MOVE = YES;
				CLANG_WARN_UNGUARDED_AVAILABILITY = YES_AGGRESSIVE;
				CLANG_WARN_UNREACHABLE_CODE = YES;
				CLANG_WARN__DUPLICATE_METHOD_MATCH = YES;
				COPY_PHASE_STRIP = NO;
				DEBUG_INFORMATION_FORMAT = "dwarf-with-dsym";
				ENABLE_NS_ASSERTIONS = NO;
				ENABLE_STRICT_OBJC_MSGSEND = YES;
				GCC_C_LANGUAGE_STANDARD = gnu11;
				GCC_NO_COMMON_BLOCKS = YES;
				GCC_WARN_64_TO_32_BIT_CONVERSION = YES;
				GCC_WARN_ABOUT_RETURN_TYPE = YES_ERROR;
				GCC_WARN_UNDECLARED_SELECTOR = YES;
				GCC_WARN_UNINITIALIZED_AUTOS = YES_AGGRESSIVE;
				GCC_WARN_UNUSED_FUNCTION = YES;
				GCC_WARN_UNUSED_VARIABLE = YES;
				IPHONEOS_DEPLOYMENT_TARGET = 13.5;
				MTL_ENABLE_DEBUG_INFO = NO;
				MTL_FAST_MATH = YES;
				SDKROOT = iphoneos;
				SWIFT_COMPILATION_MODE = wholemodule;
				SWIFT_OPTIMIZATION_LEVEL = "-O";
				VALIDATE_PRODUCT = YES;
			};
			name = Release;
		};
		F500611324CF429A0005A019 /* Debug */ = {
			isa = XCBuildConfiguration;
			buildSettings = {
				ASSETCATALOG_COMPILER_APPICON_NAME = AppIcon;
				CODE_SIGN_STYLE = Automatic;
				DEVELOPMENT_TEAM = T7C8SFW3A9;
				INFOPLIST_FILE = Disentangled/Info.plist;
				LD_RUNPATH_SEARCH_PATHS = (
					"$(inherited)",
					"@executable_path/Frameworks",
				);
				PRODUCT_BUNDLE_IDENTIFIER = SB.Disentangled;
				PRODUCT_NAME = "$(TARGET_NAME)";
				SWIFT_VERSION = 5.0;
				TARGETED_DEVICE_FAMILY = "1,2";
			};
			name = Debug;
		};
		F500611424CF429A0005A019 /* Release */ = {
			isa = XCBuildConfiguration;
			buildSettings = {
				ASSETCATALOG_COMPILER_APPICON_NAME = AppIcon;
				CODE_SIGN_STYLE = Automatic;
				DEVELOPMENT_TEAM = T7C8SFW3A9;
				INFOPLIST_FILE = Disentangled/Info.plist;
				LD_RUNPATH_SEARCH_PATHS = (
					"$(inherited)",
					"@executable_path/Frameworks",
				);
				PRODUCT_BUNDLE_IDENTIFIER = SB.Disentangled;
				PRODUCT_NAME = "$(TARGET_NAME)";
				SWIFT_VERSION = 5.0;
				TARGETED_DEVICE_FAMILY = "1,2";
			};
			name = Release;
		};
/* End XCBuildConfiguration section */

/* Begin XCConfigurationList section */
		F50060F624CF42950005A019 /* Build configuration list for PBXProject "Disentangled" */ = {
			isa = XCConfigurationList;
			buildConfigurations = (
				F500611024CF429A0005A019 /* Debug */,
				F500611124CF429A0005A019 /* Release */,
			);
			defaultConfigurationIsVisible = 0;
			defaultConfigurationName = Release;
		};
		F500611224CF429A0005A019 /* Build configuration list for PBXNativeTarget "Disentangled" */ = {
			isa = XCConfigurationList;
			buildConfigurations = (
				F500611324CF429A0005A019 /* Debug */,
				F500611424CF429A0005A019 /* Release */,
			);
			defaultConfigurationIsVisible = 0;
			defaultConfigurationName = Release;
		};
/* End XCConfigurationList section */

/* Begin XCVersionGroup section */
		F500610724CF42950005A019 /* Disentangled.xcdatamodeld */ = {
			isa = XCVersionGroup;
			children = (
				F500610824CF42950005A019 /* Disentangled.xcdatamodel */,
			);
			currentVersion = F500610824CF42950005A019 /* Disentangled.xcdatamodel */;
			path = Disentangled.xcdatamodeld;
			sourceTree = "<group>";
			versionGroupType = wrapper.xcdatamodel;
		};
/* End XCVersionGroup section */
	};
	rootObject = F50060F324CF42950005A019 /* Project object */;
}
